{
  "name": "packagecall",
  "version": "1.0.0",
  "lockfileVersion": 2,
  "requires": true,
  "packages": {
    "": {
      "name": "packagecall",
      "version": "1.0.0",
      "license": "ISC",
      "dependencies": {
        "@oumed/packagetest": "^1.0.0"
      }
    },
    "node_modules/@oumed/packagetest": {
      "version": "1.0.0",
      "resolved": "https://npm.pkg.github.com/download/@oumed/packagetest/1.0.0/92a6ba33135760897797c07a63d414e210626a0e32a1cbe30d95b42099dfdb5e",
      "integrity": "sha512-EkdRGgwbz01HevRwRt0jnIWTagmPgTIebLHLCzWCO+t06320DcPTMLjEq/tInElrgmLcUkva/4Ps5zmD6Or9nQ==",
      "license": "ISC"
    }
  },
  "dependencies": {
    "@oumed/packagetest": {
      "version": "1.0.0",
      "resolved": "https://npm.pkg.github.com/download/@oumed/packagetest/1.0.0/92a6ba33135760897797c07a63d414e210626a0e32a1cbe30d95b42099dfdb5e",
      "integrity": "sha512-EkdRGgwbz01HevRwRt0jnIWTagmPgTIebLHLCzWCO+t06320DcPTMLjEq/tInElrgmLcUkva/4Ps5zmD6Or9nQ=="
    }
  }
}
